
Microsoft Visual Studio Solution File, Format Version 12.00
# Visual Studio Version 17
VisualStudioVersion = 17.0.32112.339
MinimumVisualStudioVersion = 10.0.40219.1
Project("{FAE04EC0-301F-11D3-BF4B-00C04F79EFBC}") = "Sprint_lb1_Data_Base", "Sprint_lb1_Data_Base\Sprint_lb1_Data_Base.csproj", "{F5D06B5C-DE3B-40BE-B385-3185DF34C1A3}"
EndProject
Global
	GlobalSection(SolutionConfigurationPlatforms) = preSolution
		Debug|Any CPU = Debug|Any CPU
		Release|Any CPU = Release|Any CPU
	EndGlobalSection
	GlobalSection(ProjectConfigurationPlatforms) = postSolution
		{F5D06B5C-DE3B-40BE-B385-3185DF34C1A3}.Debug|Any CPU.ActiveCfg = Debug|Any CPU
		{F5D06B5C-DE3B-40BE-B385-3185DF34C1A3}.Debug|Any CPU.Build.0 = Debug|Any CPU
		{F5D06B5C-DE3B-40BE-B385-3185DF34C1A3}.Release|Any CPU.ActiveCfg = Release|Any CPU
		{F5D06B5C-DE3B-40BE-B385-3185DF34C1A3}.Release|Any CPU.Build.0 = Release|Any CPU
	EndGlobalSection
	GlobalSection(SolutionProperties) = preSolution
		HideSolutionNode = FALSE
	EndGlobalSection
	GlobalSection(ExtensibilityGlobals) = postSolution
		SolutionGuid = {8497FA59-B467-4F07-BF89-72133B4994DF}
	EndGlobalSection
EndGlobal
